// !$*UTF8*$!
{
	archiveVersion = 1;
	classes = {
	};
	objectVersion = 56;
	objects = {

/* Begin PBXBuildFile section */
		57B80E622AB33B02001205D0 /* RickAndMortyApp.swift in Sources */ = {isa = PBXBuildFile; fileRef = 57B80E612AB33B02001205D0 /* RickAndMortyApp.swift */; };
		57B80E662AB33B04001205D0 /* Assets.xcassets in Resources */ = {isa = PBXBuildFile; fileRef = 57B80E652AB33B04001205D0 /* Assets.xcassets */; };
		57B80E692AB33B04001205D0 /* Preview Assets.xcassets in Resources */ = {isa = PBXBuildFile; fileRef = 57B80E682AB33B04001205D0 /* Preview Assets.xcassets */; };
		57B80E7D2AB33B04001205D0 /* RickAndMortyUITests.swift in Sources */ = {isa = PBXBuildFile; fileRef = 57B80E7C2AB33B04001205D0 /* RickAndMortyUITests.swift */; };
		57B80E8D2AB33BBD001205D0 /* Character.swift in Sources */ = {isa = PBXBuildFile; fileRef = 57B80E8C2AB33BBD001205D0 /* Character.swift */; };
		57B80E8F2AB33BDB001205D0 /* Location.swift in Sources */ = {isa = PBXBuildFile; fileRef = 57B80E8E2AB33BDA001205D0 /* Location.swift */; };
		57B80E922AB33C1B001205D0 /* CharacterListView.swift in Sources */ = {isa = PBXBuildFile; fileRef = 57B80E912AB33C1B001205D0 /* CharacterListView.swift */; };
		57B80E962AB33C60001205D0 /* CharacterListViewModel.swift in Sources */ = {isa = PBXBuildFile; fileRef = 57B80E952AB33C60001205D0 /* CharacterListViewModel.swift */; };
		57B80E992AB33C90001205D0 /* CharacterRepository.swift in Sources */ = {isa = PBXBuildFile; fileRef = 57B80E982AB33C90001205D0 /* CharacterRepository.swift */; };
		57B80E9C2AB33CBC001205D0 /* CharacterAPI.swift in Sources */ = {isa = PBXBuildFile; fileRef = 57B80E9B2AB33CBC001205D0 /* CharacterAPI.swift */; };
		57B80E9E2AB33CF4001205D0 /* ViewDidLoadModifier.swift in Sources */ = {isa = PBXBuildFile; fileRef = 57B80E9D2AB33CF4001205D0 /* ViewDidLoadModifier.swift */; };
		57B80EA02AB33D31001205D0 /* ResultAPIResponse.swift in Sources */ = {isa = PBXBuildFile; fileRef = 57B80E9F2AB33D31001205D0 /* ResultAPIResponse.swift */; };
		57B80EA42AB33E38001205D0 /* CharacterDetailView.swift in Sources */ = {isa = PBXBuildFile; fileRef = 57B80EA32AB33E38001205D0 /* CharacterDetailView.swift */; };
		57B80EA62AB33E83001205D0 /* CharacterDetailViewModel.swift in Sources */ = {isa = PBXBuildFile; fileRef = 57B80EA52AB33E83001205D0 /* CharacterDetailViewModel.swift */; };
		57B80EA82AB34025001205D0 /* CharacterRow.swift in Sources */ = {isa = PBXBuildFile; fileRef = 57B80EA72AB34025001205D0 /* CharacterRow.swift */; };
		57B80EAA2AB37B65001205D0 /* CharacterListViewModelTests.swift in Sources */ = {isa = PBXBuildFile; fileRef = 57B80EA92AB37B65001205D0 /* CharacterListViewModelTests.swift */; };
		57B80EAC2AB37B9E001205D0 /* Utils.swift in Sources */ = {isa = PBXBuildFile; fileRef = 57B80EAB2AB37B9E001205D0 /* Utils.swift */; };
		57B80EAE2AB37D96001205D0 /* CharacterDetailViewModelTests.swift in Sources */ = {isa = PBXBuildFile; fileRef = 57B80EAD2AB37D96001205D0 /* CharacterDetailViewModelTests.swift */; };
		57B80EB32AB38EF2001205D0 /* LocationRepository.swift in Sources */ = {isa = PBXBuildFile; fileRef = 57B80EB22AB38EF2001205D0 /* LocationRepository.swift */; };
		57B80EB52AB3907C001205D0 /* LocationDetail.swift in Sources */ = {isa = PBXBuildFile; fileRef = 57B80EB42AB3907C001205D0 /* LocationDetail.swift */; };
		57B80EB72AB3A569001205D0 /* Favorite.swift in Sources */ = {isa = PBXBuildFile; fileRef = 57B80EB62AB3A569001205D0 /* Favorite.swift */; };
		57D5F1DD2AB4774700E8493C /* CharacterRowViewModel.swift in Sources */ = {isa = PBXBuildFile; fileRef = 57D5F1DC2AB4774700E8493C /* CharacterRowViewModel.swift */; };
		57D5F1DF2AB4792500E8493C /* CharacterRepositoryProvider.swift in Sources */ = {isa = PBXBuildFile; fileRef = 57D5F1DE2AB4792500E8493C /* CharacterRepositoryProvider.swift */; };
		57D5F1E12AB47B0400E8493C /* LocationRepositoryProvider.swift in Sources */ = {isa = PBXBuildFile; fileRef = 57D5F1E02AB47B0400E8493C /* LocationRepositoryProvider.swift */; };
/* End PBXBuildFile section */

/* Begin PBXContainerItemProxy section */
		57B80E6F2AB33B04001205D0 /* PBXContainerItemProxy */ = {
			isa = PBXContainerItemProxy;
			containerPortal = 57B80E562AB33B02001205D0 /* Project object */;
			proxyType = 1;
			remoteGlobalIDString = 57B80E5D2AB33B02001205D0;
			remoteInfo = RickAndMorty;
		};
		57B80E792AB33B04001205D0 /* PBXContainerItemProxy */ = {
			isa = PBXContainerItemProxy;
			containerPortal = 57B80E562AB33B02001205D0 /* Project object */;
			proxyType = 1;
			remoteGlobalIDString = 57B80E5D2AB33B02001205D0;
			remoteInfo = RickAndMorty;
		};
/* End PBXContainerItemProxy section */

/* Begin PBXFileReference section */
		57B80E5E2AB33B02001205D0 /* RickAndMorty.app */ = {isa = PBXFileReference; explicitFileType = wrapper.application; includeInIndex = 0; path = RickAndMorty.app; sourceTree = BUILT_PRODUCTS_DIR; };
		57B80E612AB33B02001205D0 /* RickAndMortyApp.swift */ = {isa = PBXFileReference; lastKnownFileType = sourcecode.swift; path = RickAndMortyApp.swift; sourceTree = "<group>"; };
		57B80E652AB33B04001205D0 /* Assets.xcassets */ = {isa = PBXFileReference; lastKnownFileType = folder.assetcatalog; path = Assets.xcassets; sourceTree = "<group>"; };
		57B80E682AB33B04001205D0 /* Preview Assets.xcassets */ = {isa = PBXFileReference; lastKnownFileType = folder.assetcatalog; path = "Preview Assets.xcassets"; sourceTree = "<group>"; };
		57B80E6E2AB33B04001205D0 /* RickAndMortyTests.xctest */ = {isa = PBXFileReference; explicitFileType = wrapper.cfbundle; includeInIndex = 0; path = RickAndMortyTests.xctest; sourceTree = BUILT_PRODUCTS_DIR; };
		57B80E782AB33B04001205D0 /* RickAndMortyUITests.xctest */ = {isa = PBXFileReference; explicitFileType = wrapper.cfbundle; includeInIndex = 0; path = RickAndMortyUITests.xctest; sourceTree = BUILT_PRODUCTS_DIR; };
		57B80E7C2AB33B04001205D0 /* RickAndMortyUITests.swift */ = {isa = PBXFileReference; lastKnownFileType = sourcecode.swift; path = RickAndMortyUITests.swift; sourceTree = "<group>"; };
		57B80E8C2AB33BBD001205D0 /* Character.swift */ = {isa = PBXFileReference; lastKnownFileType = sourcecode.swift; path = Character.swift; sourceTree = "<group>"; };
		57B80E8E2AB33BDA001205D0 /* Location.swift */ = {isa = PBXFileReference; lastKnownFileType = sourcecode.swift; path = Location.swift; sourceTree = "<group>"; };
		57B80E912AB33C1B001205D0 /* CharacterListView.swift */ = {isa = PBXFileReference; lastKnownFileType = sourcecode.swift; path = CharacterListView.swift; sourceTree = "<group>"; };
		57B80E952AB33C60001205D0 /* CharacterListViewModel.swift */ = {isa = PBXFileReference; lastKnownFileType = sourcecode.swift; path = CharacterListViewModel.swift; sourceTree = "<group>"; };
		57B80E982AB33C90001205D0 /* CharacterRepository.swift */ = {isa = PBXFileReference; lastKnownFileType = sourcecode.swift; path = CharacterRepository.swift; sourceTree = "<group>"; };
		57B80E9B2AB33CBC001205D0 /* CharacterAPI.swift */ = {isa = PBXFileReference; lastKnownFileType = sourcecode.swift; path = CharacterAPI.swift; sourceTree = "<group>"; };
		57B80E9D2AB33CF4001205D0 /* ViewDidLoadModifier.swift */ = {isa = PBXFileReference; lastKnownFileType = sourcecode.swift; path = ViewDidLoadModifier.swift; sourceTree = "<group>"; };
		57B80E9F2AB33D31001205D0 /* ResultAPIResponse.swift */ = {isa = PBXFileReference; lastKnownFileType = sourcecode.swift; path = ResultAPIResponse.swift; sourceTree = "<group>"; };
		57B80EA32AB33E38001205D0 /* CharacterDetailView.swift */ = {isa = PBXFileReference; lastKnownFileType = sourcecode.swift; path = CharacterDetailView.swift; sourceTree = "<group>"; };
		57B80EA52AB33E83001205D0 /* CharacterDetailViewModel.swift */ = {isa = PBXFileReference; lastKnownFileType = sourcecode.swift; path = CharacterDetailViewModel.swift; sourceTree = "<group>"; };
		57B80EA72AB34025001205D0 /* CharacterRow.swift */ = {isa = PBXFileReference; lastKnownFileType = sourcecode.swift; path = CharacterRow.swift; sourceTree = "<group>"; };
		57B80EA92AB37B65001205D0 /* CharacterListViewModelTests.swift */ = {isa = PBXFileReference; lastKnownFileType = sourcecode.swift; path = CharacterListViewModelTests.swift; sourceTree = "<group>"; };
		57B80EAB2AB37B9E001205D0 /* Utils.swift */ = {isa = PBXFileReference; lastKnownFileType = sourcecode.swift; path = Utils.swift; sourceTree = "<group>"; };
		57B80EAD2AB37D96001205D0 /* CharacterDetailViewModelTests.swift */ = {isa = PBXFileReference; lastKnownFileType = sourcecode.swift; path = CharacterDetailViewModelTests.swift; sourceTree = "<group>"; };
		57B80EAF2AB37ECC001205D0 /* Info.plist */ = {isa = PBXFileReference; lastKnownFileType = text.plist; path = Info.plist; sourceTree = "<group>"; };
		57B80EB22AB38EF2001205D0 /* LocationRepository.swift */ = {isa = PBXFileReference; lastKnownFileType = sourcecode.swift; path = LocationRepository.swift; sourceTree = "<group>"; };
		57B80EB42AB3907C001205D0 /* LocationDetail.swift */ = {isa = PBXFileReference; lastKnownFileType = sourcecode.swift; path = LocationDetail.swift; sourceTree = "<group>"; };
		57B80EB62AB3A569001205D0 /* Favorite.swift */ = {isa = PBXFileReference; lastKnownFileType = sourcecode.swift; path = Favorite.swift; sourceTree = "<group>"; };
		57D5F1DC2AB4774700E8493C /* CharacterRowViewModel.swift */ = {isa = PBXFileReference; lastKnownFileType = sourcecode.swift; path = CharacterRowViewModel.swift; sourceTree = "<group>"; };
		57D5F1DE2AB4792500E8493C /* CharacterRepositoryProvider.swift */ = {isa = PBXFileReference; lastKnownFileType = sourcecode.swift; path = CharacterRepositoryProvider.swift; sourceTree = "<group>"; };
		57D5F1E02AB47B0400E8493C /* LocationRepositoryProvider.swift */ = {isa = PBXFileReference; lastKnownFileType = sourcecode.swift; path = LocationRepositoryProvider.swift; sourceTree = "<group>"; };
/* End PBXFileReference section */

/* Begin PBXFrameworksBuildPhase section */
		57B80E5B2AB33B02001205D0 /* Frameworks */ = {
			isa = PBXFrameworksBuildPhase;
			buildActionMask = 2147483647;
			files = (
			);
			runOnlyForDeploymentPostprocessing = 0;
		};
		57B80E6B2AB33B04001205D0 /* Frameworks */ = {
			isa = PBXFrameworksBuildPhase;
			buildActionMask = 2147483647;
			files = (
			);
			runOnlyForDeploymentPostprocessing = 0;
		};
		57B80E752AB33B04001205D0 /* Frameworks */ = {
			isa = PBXFrameworksBuildPhase;
			buildActionMask = 2147483647;
			files = (
			);
			runOnlyForDeploymentPostprocessing = 0;
		};
/* End PBXFrameworksBuildPhase section */

/* Begin PBXGroup section */
		57B80E552AB33B02001205D0 = {
			isa = PBXGroup;
			children = (
				57B80E602AB33B02001205D0 /* RickAndMorty */,
				57B80E712AB33B04001205D0 /* RickAndMortyTests */,
				57B80E7B2AB33B04001205D0 /* RickAndMortyUITests */,
				57B80E5F2AB33B02001205D0 /* Products */,
			);
			sourceTree = "<group>";
		};
		57B80E5F2AB33B02001205D0 /* Products */ = {
			isa = PBXGroup;
			children = (
				57B80E5E2AB33B02001205D0 /* RickAndMorty.app */,
				57B80E6E2AB33B04001205D0 /* RickAndMortyTests.xctest */,
				57B80E782AB33B04001205D0 /* RickAndMortyUITests.xctest */,
			);
			name = Products;
			sourceTree = "<group>";
		};
		57B80E602AB33B02001205D0 /* RickAndMorty */ = {
			isa = PBXGroup;
			children = (
				57B80EAF2AB37ECC001205D0 /* Info.plist */,
				57B80E9A2AB33CB0001205D0 /* API */,
				57B80E972AB33C79001205D0 /* Repository */,
				57B80E932AB33C44001205D0 /* ViewModel */,
				57B80E902AB33C0F001205D0 /* View */,
				57B80E8B2AB33BA8001205D0 /* Model */,
				57B80E612AB33B02001205D0 /* RickAndMortyApp.swift */,
				57B80E9D2AB33CF4001205D0 /* ViewDidLoadModifier.swift */,
				57B80E652AB33B04001205D0 /* Assets.xcassets */,
				57B80E672AB33B04001205D0 /* Preview Content */,
			);
			path = RickAndMorty;
			sourceTree = "<group>";
		};
		57B80E672AB33B04001205D0 /* Preview Content */ = {
			isa = PBXGroup;
			children = (
				57B80E682AB33B04001205D0 /* Preview Assets.xcassets */,
			);
			path = "Preview Content";
			sourceTree = "<group>";
		};
		57B80E712AB33B04001205D0 /* RickAndMortyTests */ = {
			isa = PBXGroup;
			children = (
				57B80EA92AB37B65001205D0 /* CharacterListViewModelTests.swift */,
				57B80EAD2AB37D96001205D0 /* CharacterDetailViewModelTests.swift */,
				57B80EAB2AB37B9E001205D0 /* Utils.swift */,
			);
			path = RickAndMortyTests;
			sourceTree = "<group>";
		};
		57B80E7B2AB33B04001205D0 /* RickAndMortyUITests */ = {
			isa = PBXGroup;
			children = (
				57B80E7C2AB33B04001205D0 /* RickAndMortyUITests.swift */,
			);
			path = RickAndMortyUITests;
			sourceTree = "<group>";
		};
		57B80E8B2AB33BA8001205D0 /* Model */ = {
			isa = PBXGroup;
			children = (
				57B80E8C2AB33BBD001205D0 /* Character.swift */,
				57B80EB42AB3907C001205D0 /* LocationDetail.swift */,
				57B80E8E2AB33BDA001205D0 /* Location.swift */,
				57B80E9F2AB33D31001205D0 /* ResultAPIResponse.swift */,
				57B80EB62AB3A569001205D0 /* Favorite.swift */,
			);
			path = Model;
			sourceTree = "<group>";
		};
		57B80E902AB33C0F001205D0 /* View */ = {
			isa = PBXGroup;
			children = (
				57B80E912AB33C1B001205D0 /* CharacterListView.swift */,
				57B80EA72AB34025001205D0 /* CharacterRow.swift */,
				57B80EA32AB33E38001205D0 /* CharacterDetailView.swift */,
			);
			path = View;
			sourceTree = "<group>";
		};
		57B80E932AB33C44001205D0 /* ViewModel */ = {
			isa = PBXGroup;
			children = (
				57B80E952AB33C60001205D0 /* CharacterListViewModel.swift */,
				57B80EA52AB33E83001205D0 /* CharacterDetailViewModel.swift */,
				57D5F1DC2AB4774700E8493C /* CharacterRowViewModel.swift */,
			);
			path = ViewModel;
			sourceTree = "<group>";
		};
		57B80E972AB33C79001205D0 /* Repository */ = {
			isa = PBXGroup;
			children = (
				57B80E982AB33C90001205D0 /* CharacterRepository.swift */,
				57B80EB22AB38EF2001205D0 /* LocationRepository.swift */,
				57D5F1DE2AB4792500E8493C /* CharacterRepositoryProvider.swift */,
				57D5F1E02AB47B0400E8493C /* LocationRepositoryProvider.swift */,
			);
			path = Repository;
			sourceTree = "<group>";
		};
		57B80E9A2AB33CB0001205D0 /* API */ = {
			isa = PBXGroup;
			children = (
				57B80E9B2AB33CBC001205D0 /* CharacterAPI.swift */,
			);
			path = API;
			sourceTree = "<group>";
		};
/* End PBXGroup section */

/* Begin PBXNativeTarget section */
		57B80E5D2AB33B02001205D0 /* RickAndMorty */ = {
			isa = PBXNativeTarget;
			buildConfigurationList = 57B80E822AB33B04001205D0 /* Build configuration list for PBXNativeTarget "RickAndMorty" */;
			buildPhases = (
				57B80E5A2AB33B02001205D0 /* Sources */,
				57B80E5B2AB33B02001205D0 /* Frameworks */,
				57B80E5C2AB33B02001205D0 /* Resources */,
			);
			buildRules = (
			);
			dependencies = (
			);
			name = RickAndMorty;
			productName = RickAndMorty;
			productReference = 57B80E5E2AB33B02001205D0 /* RickAndMorty.app */;
			productType = "com.apple.product-type.application";
		};
		57B80E6D2AB33B04001205D0 /* RickAndMortyTests */ = {
			isa = PBXNativeTarget;
			buildConfigurationList = 57B80E852AB33B04001205D0 /* Build configuration list for PBXNativeTarget "RickAndMortyTests" */;
			buildPhases = (
				57B80E6A2AB33B04001205D0 /* Sources */,
				57B80E6B2AB33B04001205D0 /* Frameworks */,
				57B80E6C2AB33B04001205D0 /* Resources */,
			);
			buildRules = (
			);
			dependencies = (
				57B80E702AB33B04001205D0 /* PBXTargetDependency */,
			);
			name = RickAndMortyTests;
			productName = RickAndMortyTests;
			productReference = 57B80E6E2AB33B04001205D0 /* RickAndMortyTests.xctest */;
			productType = "com.apple.product-type.bundle.unit-test";
		};
		57B80E772AB33B04001205D0 /* RickAndMortyUITests */ = {
			isa = PBXNativeTarget;
			buildConfigurationList = 57B80E882AB33B04001205D0 /* Build configuration list for PBXNativeTarget "RickAndMortyUITests" */;
			buildPhases = (
				57B80E742AB33B04001205D0 /* Sources */,
				57B80E752AB33B04001205D0 /* Frameworks */,
				57B80E762AB33B04001205D0 /* Resources */,
			);
			buildRules = (
			);
			dependencies = (
				57B80E7A2AB33B04001205D0 /* PBXTargetDependency */,
			);
			name = RickAndMortyUITests;
			productName = RickAndMortyUITests;
			productReference = 57B80E782AB33B04001205D0 /* RickAndMortyUITests.xctest */;
			productType = "com.apple.product-type.bundle.ui-testing";
		};
/* End PBXNativeTarget section */

/* Begin PBXProject section */
		57B80E562AB33B02001205D0 /* Project object */ = {
			isa = PBXProject;
			attributes = {
				BuildIndependentTargetsInParallel = 1;
				LastSwiftUpdateCheck = 1430;
				LastUpgradeCheck = 1430;
				TargetAttributes = {
					57B80E5D2AB33B02001205D0 = {
						CreatedOnToolsVersion = 14.3.1;
					};
					57B80E6D2AB33B04001205D0 = {
						CreatedOnToolsVersion = 14.3.1;
						TestTargetID = 57B80E5D2AB33B02001205D0;
					};
					57B80E772AB33B04001205D0 = {
						CreatedOnToolsVersion = 14.3.1;
						TestTargetID = 57B80E5D2AB33B02001205D0;
					};
				};
			};
			buildConfigurationList = 57B80E592AB33B02001205D0 /* Build configuration list for PBXProject "RickAndMorty" */;
			compatibilityVersion = "Xcode 14.0";
			developmentRegion = en;
			hasScannedForEncodings = 0;
			knownRegions = (
				en,
				Base,
			);
			mainGroup = 57B80E552AB33B02001205D0;
			productRefGroup = 57B80E5F2AB33B02001205D0 /* Products */;
			projectDirPath = "";
			projectRoot = "";
			targets = (
				57B80E5D2AB33B02001205D0 /* RickAndMorty */,
				57B80E6D2AB33B04001205D0 /* RickAndMortyTests */,
				57B80E772AB33B04001205D0 /* RickAndMortyUITests */,
			);
		};
/* End PBXProject section */

/* Begin PBXResourcesBuildPhase section */
		57B80E5C2AB33B02001205D0 /* Resources */ = {
			isa = PBXResourcesBuildPhase;
			buildActionMask = 2147483647;
			files = (
				57B80E692AB33B04001205D0 /* Preview Assets.xcassets in Resources */,
				57B80E662AB33B04001205D0 /* Assets.xcassets in Resources */,
			);
			runOnlyForDeploymentPostprocessing = 0;
		};
		57B80E6C2AB33B04001205D0 /* Resources */ = {
			isa = PBXResourcesBuildPhase;
			buildActionMask = 2147483647;
			files = (
			);
			runOnlyForDeploymentPostprocessing = 0;
		};
		57B80E762AB33B04001205D0 /* Resources */ = {
			isa = PBXResourcesBuildPhase;
			buildActionMask = 2147483647;
			files = (
			);
			runOnlyForDeploymentPostprocessing = 0;
		};
/* End PBXResourcesBuildPhase section */

/* Begin PBXSourcesBuildPhase section */
		57B80E5A2AB33B02001205D0 /* Sources */ = {
			isa = PBXSourcesBuildPhase;
			buildActionMask = 2147483647;
			files = (
				57D5F1E12AB47B0400E8493C /* LocationRepositoryProvider.swift in Sources */,
				57B80E8D2AB33BBD001205D0 /* Character.swift in Sources */,
				57B80EA42AB33E38001205D0 /* CharacterDetailView.swift in Sources */,
				57B80E922AB33C1B001205D0 /* CharacterListView.swift in Sources */,
				57B80E8F2AB33BDB001205D0 /* Location.swift in Sources */,
				57B80EB32AB38EF2001205D0 /* LocationRepository.swift in Sources */,
				57B80E9C2AB33CBC001205D0 /* CharacterAPI.swift in Sources */,
				57B80E992AB33C90001205D0 /* CharacterRepository.swift in Sources */,
				57D5F1DD2AB4774700E8493C /* CharacterRowViewModel.swift in Sources */,
				57B80EB52AB3907C001205D0 /* LocationDetail.swift in Sources */,
				57B80E9E2AB33CF4001205D0 /* ViewDidLoadModifier.swift in Sources */,
				57B80E962AB33C60001205D0 /* CharacterListViewModel.swift in Sources */,
				57B80E622AB33B02001205D0 /* RickAndMortyApp.swift in Sources */,
				57B80EA62AB33E83001205D0 /* CharacterDetailViewModel.swift in Sources */,
				57D5F1DF2AB4792500E8493C /* CharacterRepositoryProvider.swift in Sources */,
				57B80EB72AB3A569001205D0 /* Favorite.swift in Sources */,
				57B80EA82AB34025001205D0 /* CharacterRow.swift in Sources */,
				57B80EA02AB33D31001205D0 /* ResultAPIResponse.swift in Sources */,
			);
			runOnlyForDeploymentPostprocessing = 0;
		};
		57B80E6A2AB33B04001205D0 /* Sources */ = {
			isa = PBXSourcesBuildPhase;
			buildActionMask = 2147483647;
			files = (
				57B80EAA2AB37B65001205D0 /* CharacterListViewModelTests.swift in Sources */,
				57B80EAE2AB37D96001205D0 /* CharacterDetailViewModelTests.swift in Sources */,
				57B80EAC2AB37B9E001205D0 /* Utils.swift in Sources */,
			);
			runOnlyForDeploymentPostprocessing = 0;
		};
		57B80E742AB33B04001205D0 /* Sources */ = {
			isa = PBXSourcesBuildPhase;
			buildActionMask = 2147483647;
			files = (
				57B80E7D2AB33B04001205D0 /* RickAndMortyUITests.swift in Sources */,
			);
			runOnlyForDeploymentPostprocessing = 0;
		};
/* End PBXSourcesBuildPhase section */

/* Begin PBXTargetDependency section */
		57B80E702AB33B04001205D0 /* PBXTargetDependency */ = {
			isa = PBXTargetDependency;
			target = 57B80E5D2AB33B02001205D0 /* RickAndMorty */;
			targetProxy = 57B80E6F2AB33B04001205D0 /* PBXContainerItemProxy */;
		};
		57B80E7A2AB33B04001205D0 /* PBXTargetDependency */ = {
			isa = PBXTargetDependency;
			target = 57B80E5D2AB33B02001205D0 /* RickAndMorty */;
			targetProxy = 57B80E792AB33B04001205D0 /* PBXContainerItemProxy */;
		};
/* End PBXTargetDependency section */

/* Begin XCBuildConfiguration section */
		57B80E802AB33B04001205D0 /* Debug */ = {
			isa = XCBuildConfiguration;
			buildSettings = {
				ALWAYS_SEARCH_USER_PATHS = NO;
				CLANG_ANALYZER_NONNULL = YES;
				CLANG_ANALYZER_NUMBER_OBJECT_CONVERSION = YES_AGGRESSIVE;
				CLANG_CXX_LANGUAGE_STANDARD = "gnu++20";
				CLANG_ENABLE_MODULES = YES;
				CLANG_ENABLE_OBJC_ARC = YES;
				CLANG_ENABLE_OBJC_WEAK = YES;
				CLANG_WARN_BLOCK_CAPTURE_AUTORELEASING = YES;
				CLANG_WARN_BOOL_CONVERSION = YES;
				CLANG_WARN_COMMA = YES;
				CLANG_WARN_CONSTANT_CONVERSION = YES;
				CLANG_WARN_DEPRECATED_OBJC_IMPLEMENTATIONS = YES;
				CLANG_WARN_DIRECT_OBJC_ISA_USAGE = YES_ERROR;
				CLANG_WARN_DOCUMENTATION_COMMENTS = YES;
				CLANG_WARN_EMPTY_BODY = YES;
				CLANG_WARN_ENUM_CONVERSION = YES;
				CLANG_WARN_INFINITE_RECURSION = YES;
				CLANG_WARN_INT_CONVERSION = YES;
				CLANG_WARN_NON_LITERAL_NULL_CONVERSION = YES;
				CLANG_WARN_OBJC_IMPLICIT_RETAIN_SELF = YES;
				CLANG_WARN_OBJC_LITERAL_CONVERSION = YES;
				CLANG_WARN_OBJC_ROOT_CLASS = YES_ERROR;
				CLANG_WARN_QUOTED_INCLUDE_IN_FRAMEWORK_HEADER = YES;
				CLANG_WARN_RANGE_LOOP_ANALYSIS = YES;
				CLANG_WARN_STRICT_PROTOTYPES = YES;
				CLANG_WARN_SUSPICIOUS_MOVE = YES;
				CLANG_WARN_UNGUARDED_AVAILABILITY = YES_AGGRESSIVE;
				CLANG_WARN_UNREACHABLE_CODE = YES;
				CLANG_WARN__DUPLICATE_METHOD_MATCH = YES;
				COPY_PHASE_STRIP = NO;
				DEBUG_INFORMATION_FORMAT = dwarf;
				ENABLE_STRICT_OBJC_MSGSEND = YES;
				ENABLE_TESTABILITY = YES;
				GCC_C_LANGUAGE_STANDARD = gnu11;
				GCC_DYNAMIC_NO_PIC = NO;
				GCC_NO_COMMON_BLOCKS = YES;
				GCC_OPTIMIZATION_LEVEL = 0;
				GCC_PREPROCESSOR_DEFINITIONS = (
					"DEBUG=1",
					"$(inherited)",
				);
				GCC_WARN_64_TO_32_BIT_CONVERSION = YES;
				GCC_WARN_ABOUT_RETURN_TYPE = YES_ERROR;
				GCC_WARN_UNDECLARED_SELECTOR = YES;
				GCC_WARN_UNINITIALIZED_AUTOS = YES_AGGRESSIVE;
				GCC_WARN_UNUSED_FUNCTION = YES;
				GCC_WARN_UNUSED_VARIABLE = YES;
				IPHONEOS_DEPLOYMENT_TARGET = 16.4;
				MTL_ENABLE_DEBUG_INFO = INCLUDE_SOURCE;
				MTL_FAST_MATH = YES;
				ONLY_ACTIVE_ARCH = YES;
				SDKROOT = iphoneos;
				SWIFT_ACTIVE_COMPILATION_CONDITIONS = DEBUG;
				SWIFT_OPTIMIZATION_LEVEL = "-Onone";
			};
			name = Debug;
		};
		57B80E812AB33B04001205D0 /* Release */ = {
			isa = XCBuildConfiguration;
			buildSettings = {
				ALWAYS_SEARCH_USER_PATHS = NO;
				CLANG_ANALYZER_NONNULL = YES;
				CLANG_ANALYZER_NUMBER_OBJECT_CONVERSION = YES_AGGRESSIVE;
				CLANG_CXX_LANGUAGE_STANDARD = "gnu++20";
				CLANG_ENABLE_MODULES = YES;
				CLANG_ENABLE_OBJC_ARC = YES;
				CLANG_ENABLE_OBJC_WEAK = YES;
				CLANG_WARN_BLOCK_CAPTURE_AUTORELEASING = YES;
				CLANG_WARN_BOOL_CONVERSION = YES;
				CLANG_WARN_COMMA = YES;
				CLANG_WARN_CONSTANT_CONVERSION = YES;
				CLANG_WARN_DEPRECATED_OBJC_IMPLEMENTATIONS = YES;
				CLANG_WARN_DIRECT_OBJC_ISA_USAGE = YES_ERROR;
				CLANG_WARN_DOCUMENTATION_COMMENTS = YES;
				CLANG_WARN_EMPTY_BODY = YES;
				CLANG_WARN_ENUM_CONVERSION = YES;
				CLANG_WARN_INFINITE_RECURSION = YES;
				CLANG_WARN_INT_CONVERSION = YES;
				CLANG_WARN_NON_LITERAL_NULL_CONVERSION = YES;
				CLANG_WARN_OBJC_IMPLICIT_RETAIN_SELF = YES;
				CLANG_WARN_OBJC_LITERAL_CONVERSION = YES;
				CLANG_WARN_OBJC_ROOT_CLASS = YES_ERROR;
				CLANG_WARN_QUOTED_INCLUDE_IN_FRAMEWORK_HEADER = YES;
				CLANG_WARN_RANGE_LOOP_ANALYSIS = YES;
				CLANG_WARN_STRICT_PROTOTYPES = YES;
				CLANG_WARN_SUSPICIOUS_MOVE = YES;
				CLANG_WARN_UNGUARDED_AVAILABILITY = YES_AGGRESSIVE;
				CLANG_WARN_UNREACHABLE_CODE = YES;
				CLANG_WARN__DUPLICATE_METHOD_MATCH = YES;
				COPY_PHASE_STRIP = NO;
				DEBUG_INFORMATION_FORMAT = "dwarf-with-dsym";
				ENABLE_NS_ASSERTIONS = NO;
				ENABLE_STRICT_OBJC_MSGSEND = YES;
				GCC_C_LANGUAGE_STANDARD = gnu11;
				GCC_NO_COMMON_BLOCKS = YES;
				GCC_WARN_64_TO_32_BIT_CONVERSION = YES;
				GCC_WARN_ABOUT_RETURN_TYPE = YES_ERROR;
				GCC_WARN_UNDECLARED_SELECTOR = YES;
				GCC_WARN_UNINITIALIZED_AUTOS = YES_AGGRESSIVE;
				GCC_WARN_UNUSED_FUNCTION = YES;
				GCC_WARN_UNUSED_VARIABLE = YES;
				IPHONEOS_DEPLOYMENT_TARGET = 16.4;
				MTL_ENABLE_DEBUG_INFO = NO;
				MTL_FAST_MATH = YES;
				SDKROOT = iphoneos;
				SWIFT_COMPILATION_MODE = wholemodule;
				SWIFT_OPTIMIZATION_LEVEL = "-O";
				VALIDATE_PRODUCT = YES;
			};
			name = Release;
		};
		57B80E832AB33B04001205D0 /* Debug */ = {
			isa = XCBuildConfiguration;
			buildSettings = {
				ASSETCATALOG_COMPILER_APPICON_NAME = AppIcon;
				ASSETCATALOG_COMPILER_GLOBAL_ACCENT_COLOR_NAME = AccentColor;
				CODE_SIGN_STYLE = Automatic;
				CURRENT_PROJECT_VERSION = 1;
				DEVELOPMENT_ASSET_PATHS = "\"RickAndMorty/Preview Content\"";
				ENABLE_PREVIEWS = YES;
				GENERATE_INFOPLIST_FILE = YES;
				INFOPLIST_FILE = RickAndMorty/Info.plist;
				INFOPLIST_KEY_UIApplicationSceneManifest_Generation = YES;
				INFOPLIST_KEY_UIApplicationSupportsIndirectInputEvents = YES;
				INFOPLIST_KEY_UISupportedInterfaceOrientations_iPad = "UIInterfaceOrientationPortrait UIInterfaceOrientationPortraitUpsideDown UIInterfaceOrientationLandscapeLeft UIInterfaceOrientationLandscapeRight";
				INFOPLIST_KEY_UISupportedInterfaceOrientations_iPhone = "UIInterfaceOrientationPortrait UIInterfaceOrientationLandscapeLeft UIInterfaceOrientationLandscapeRight";
				LD_RUNPATH_SEARCH_PATHS = (
					"$(inherited)",
					"@executable_path/Frameworks",
				);
				MARKETING_VERSION = 1.0;
				PRODUCT_BUNDLE_IDENTIFIER = com.demo.RickAndMorty;
				PRODUCT_NAME = "$(TARGET_NAME)";
				SWIFT_EMIT_LOC_STRINGS = YES;
				SWIFT_VERSION = 5.0;
				TARGETED_DEVICE_FAMILY = "1,2";
			};
			name = Debug;
		};
		57B80E842AB33B04001205D0 /* Release */ = {
			isa = XCBuildConfiguration;
			buildSettings = {
				ASSETCATALOG_COMPILER_APPICON_NAME = AppIcon;
				ASSETCATALOG_COMPILER_GLOBAL_ACCENT_COLOR_NAME = AccentColor;
				CODE_SIGN_STYLE = Automatic;
				CURRENT_PROJECT_VERSION = 1;
				DEVELOPMENT_ASSET_PATHS = "\"RickAndMorty/Preview Content\"";
				ENABLE_PREVIEWS = YES;
				GENERATE_INFOPLIST_FILE = YES;
				INFOPLIST_FILE = RickAndMorty/Info.plist;
				INFOPLIST_KEY_UIApplicationSceneManifest_Generation = YES;
				INFOPLIST_KEY_UIApplicationSupportsIndirectInputEvents = YES;
				INFOPLIST_KEY_UISupportedInterfaceOrientations_iPad = "UIInterfaceOrientationPortrait UIInterfaceOrientationPortraitUpsideDown UIInterfaceOrientationLandscapeLeft UIInterfaceOrientationLandscapeRight";
				INFOPLIST_KEY_UISupportedInterfaceOrientations_iPhone = "UIInterfaceOrientationPortrait UIInterfaceOrientationLandscapeLeft UIInterfaceOrientationLandscapeRight";
				LD_RUNPATH_SEARCH_PATHS = (
					"$(inherited)",
					"@executable_path/Frameworks",
				);
				MARKETING_VERSION = 1.0;
				PRODUCT_BUNDLE_IDENTIFIER = com.demo.RickAndMorty;
				PRODUCT_NAME = "$(TARGET_NAME)";
				SWIFT_EMIT_LOC_STRINGS = YES;
				SWIFT_VERSION = 5.0;
				TARGETED_DEVICE_FAMILY = "1,2";
			};
			name = Release;
		};
		57B80E862AB33B04001205D0 /* Debug */ = {
			isa = XCBuildConfiguration;
			buildSettings = {
				ALWAYS_EMBED_SWIFT_STANDARD_LIBRARIES = YES;
				BUNDLE_LOADER = "$(TEST_HOST)";
				CODE_SIGN_STYLE = Automatic;
				CURRENT_PROJECT_VERSION = 1;
				GENERATE_INFOPLIST_FILE = YES;
				IPHONEOS_DEPLOYMENT_TARGET = 16.4;
				MARKETING_VERSION = 1.0;
				PRODUCT_BUNDLE_IDENTIFIER = com.demo.RickAndMortyTests;
				PRODUCT_NAME = "$(TARGET_NAME)";
				SWIFT_EMIT_LOC_STRINGS = NO;
				SWIFT_VERSION = 5.0;
				TARGETED_DEVICE_FAMILY = "1,2";
				TEST_HOST = "$(BUILT_PRODUCTS_DIR)/RickAndMorty.app/$(BUNDLE_EXECUTABLE_FOLDER_PATH)/RickAndMorty";
			};
			name = Debug;
		};
		57B80E872AB33B04001205D0 /* Release */ = {
			isa = XCBuildConfiguration;
			buildSettings = {
				ALWAYS_EMBED_SWIFT_STANDARD_LIBRARIES = YES;
				BUNDLE_LOADER = "$(TEST_HOST)";
				CODE_SIGN_STYLE = Automatic;
				CURRENT_PROJECT_VERSION = 1;
				GENERATE_INFOPLIST_FILE = YES;
				IPHONEOS_DEPLOYMENT_TARGET = 16.4;
				MARKETING_VERSION = 1.0;
				PRODUCT_BUNDLE_IDENTIFIER = com.demo.RickAndMortyTests;
				PRODUCT_NAME = "$(TARGET_NAME)";
				SWIFT_EMIT_LOC_STRINGS = NO;
				SWIFT_VERSION = 5.0;
				TARGETED_DEVICE_FAMILY = "1,2";
				TEST_HOST = "$(BUILT_PRODUCTS_DIR)/RickAndMorty.app/$(BUNDLE_EXECUTABLE_FOLDER_PATH)/RickAndMorty";
			};
			name = Release;
		};
		57B80E892AB33B04001205D0 /* Debug */ = {
			isa = XCBuildConfiguration;
			buildSettings = {
				ALWAYS_EMBED_SWIFT_STANDARD_LIBRARIES = YES;
				CODE_SIGN_STYLE = Automatic;
				CURRENT_PROJECT_VERSION = 1;
				GENERATE_INFOPLIST_FILE = YES;
				MARKETING_VERSION = 1.0;
				PRODUCT_BUNDLE_IDENTIFIER = com.demo.RickAndMortyUITests;
				PRODUCT_NAME = "$(TARGET_NAME)";
				SWIFT_EMIT_LOC_STRINGS = NO;
				SWIFT_VERSION = 5.0;
				TARGETED_DEVICE_FAMILY = "1,2";
				TEST_TARGET_NAME = RickAndMorty;
			};
			name = Debug;
		};
		57B80E8A2AB33B04001205D0 /* Release */ = {
			isa = XCBuildConfiguration;
			buildSettings = {
				ALWAYS_EMBED_SWIFT_STANDARD_LIBRARIES = YES;
				CODE_SIGN_STYLE = Automatic;
				CURRENT_PROJECT_VERSION = 1;
				GENERATE_INFOPLIST_FILE = YES;
				MARKETING_VERSION = 1.0;
				PRODUCT_BUNDLE_IDENTIFIER = com.demo.RickAndMortyUITests;
				PRODUCT_NAME = "$(TARGET_NAME)";
				SWIFT_EMIT_LOC_STRINGS = NO;
				SWIFT_VERSION = 5.0;
				TARGETED_DEVICE_FAMILY = "1,2";
				TEST_TARGET_NAME = RickAndMorty;
			};
			name = Release;
		};
/* End XCBuildConfiguration section */

/* Begin XCConfigurationList section */
		57B80E592AB33B02001205D0 /* Build configuration list for PBXProject "RickAndMorty" */ = {
			isa = XCConfigurationList;
			buildConfigurations = (
				57B80E802AB33B04001205D0 /* Debug */,
				57B80E812AB33B04001205D0 /* Release */,
			);
			defaultConfigurationIsVisible = 0;
			defaultConfigurationName = Release;
		};
		57B80E822AB33B04001205D0 /* Build configuration list for PBXNativeTarget "RickAndMorty" */ = {
			isa = XCConfigurationList;
			buildConfigurations = (
				57B80E832AB33B04001205D0 /* Debug */,
				57B80E842AB33B04001205D0 /* Release */,
			);
			defaultConfigurationIsVisible = 0;
			defaultConfigurationName = Release;
		};
		57B80E852AB33B04001205D0 /* Build configuration list for PBXNativeTarget "RickAndMortyTests" */ = {
			isa = XCConfigurationList;
			buildConfigurations = (
				57B80E862AB33B04001205D0 /* Debug */,
				57B80E872AB33B04001205D0 /* Release */,
			);
			defaultConfigurationIsVisible = 0;
			defaultConfigurationName = Release;
		};
		57B80E882AB33B04001205D0 /* Build configuration list for PBXNativeTarget "RickAndMortyUITests" */ = {
			isa = XCConfigurationList;
			buildConfigurations = (
				57B80E892AB33B04001205D0 /* Debug */,
				57B80E8A2AB33B04001205D0 /* Release */,
			);
			defaultConfigurationIsVisible = 0;
			defaultConfigurationName = Release;
		};
/* End XCConfigurationList section */
	};
	rootObject = 57B80E562AB33B02001205D0 /* Project object */;
}
